{"1.2.0",
[{<<"bbmustache">>,{pkg,<<"bbmustache">>,<<"1.12.2">>},1},
 {<<"brod">>,{pkg,<<"brod">>,<<"4.4.6">>},0},
 {<<"certifi">>,{pkg,<<"certifi">>,<<"2.13.0">>},1},
 {<<"cf">>,{pkg,<<"cf">>,<<"0.3.1">>},1},
 {<<"crc32cer">>,{pkg,<<"crc32cer">>,<<"1.0.4">>},2},
 {<<"cth_readable">>,{pkg,<<"cth_readable">>,<<"1.6.1">>},1},
 {<<"erlware_commons">>,{pkg,<<"erlware_commons">>,<<"1.8.0">>},1},
 {<<"eunit_formatters">>,{pkg,<<"eunit_formatters">>,<<"0.6.0">>},1},
 {<<"getopt">>,{pkg,<<"getopt">>,<<"1.0.2">>},0},
 {<<"kafka_protocol">>,{pkg,<<"kafka_protocol">>,<<"4.2.8">>},1},
 {<<"merlin">>,{pkg,<<"kivra_merlin">>,<<"3.0.1">>},0},
 {<<"providers">>,{pkg,<<"providers">>,<<"1.9.0">>},1},
 {<<"purl">>,
  {git,"git@github.com:erlef/purl.git",
       {ref,"d64773d59dfd1d6b8920209f219e3c796c974a3a"}},
  0},
 {<<"rebar">>,
  {git_subdir,"git@github.com:erlang/rebar3.git",
              {ref,"049f80c4fb5990b682b23b1fde643103ec1e6dea"},
              "apps/rebar"},
  0},
 {<<"relx">>,{pkg,<<"relx">>,<<"4.10.0">>},1},
 {<<"ssl_verify_fun">>,{pkg,<<"ssl_verify_fun">>,<<"1.1.6">>},1}]}.
[
{pkg_hash,[
 {<<"bbmustache">>, <<"0CABDCE0DB9FE6D3318131174B9F2B351328A4C0AFBEB3E6E99BB0E02E9B621D">>},
 {<<"brod">>, <<"790FEC8AD8D894D2ED34933A4D941E4846280AD9DC89BACB8312A8711CBF05FB">>},
 {<<"certifi">>, <<"E52BE248590050B2DD33B0BB274B56678F9068E67805DCA8AA8B1CCDB016BBF6">>},
 {<<"cf">>, <<"5CB902239476E141EA70A740340233782D363A31EEA8AD37049561542E6CD641">>},
 {<<"crc32cer">>, <<"38ABA23594B87FE37CD6B72C04860FA68CD9BCB3B5A9187AA4A869C435E78434">>},
 {<<"cth_readable">>, <<"908E3B09C4BF72BBF79D4402214BBF906F282387A10DFD94C83DC34444D14F35">>},
 {<<"erlware_commons">>, <<"27052E495BD9322C86FCD29BAD6D6086368A41042F660B7FD29A393C44C7F659">>},
 {<<"eunit_formatters">>, <<"34F03685A64E75E603BAE1FB73303BCFC19886F671A97DAF85CEDD4088A92E5F">>},
 {<<"getopt">>, <<"33D9B44289FE7AD08627DDFE1D798E30B2DA0033B51DA1B3A2D64E72CD581D02">>},
 {<<"kafka_protocol">>, <<"441E233F0EF44DB2C2ADF6674B38BC2F1D2BD95A6D2BB2039614CD05EA5876B0">>},
 {<<"merlin">>, <<"9BFD1A7BA270C9C479F756EFE73FB096525F8EACD6C4BB669BAFC88BCA03E448">>},
 {<<"providers">>, <<"46F6645B0C677B1029E02B013BFD69092A2232854DAF359F2378FA42AC0BEC0D">>},
 {<<"relx">>, <<"9301505EB1CEA34419F1064ADB7D162426B6CFD33B844AF1CF831288C18F1F68">>},
 {<<"ssl_verify_fun">>, <<"CF344F5692C82D2CD7554F5EC8FD961548D4FD09E7D22F5B62482E5AEAEBD4B0">>}]},
{pkg_hash_ext,[
 {<<"bbmustache">>, <<"688B33A4D5CC2D51F575ADF0B3683FC40A38314A2F150906EDCFC77F5B577B3B">>},
 {<<"brod">>, <<"A47757F985C52681D5AB25D41A52CAFE7C188208F6D2BE2864F0A11EC8A19568">>},
 {<<"certifi">>, <<"8F3D9533A0F06070AFDFD5D596B32E21C6580667A492891851B0E2737BC507A1">>},
 {<<"cf">>, <<"315E8D447D3A4B02BCDBFA397AD03BBB988A6E0AA6F44D3ADD0F4E3C3BF97672">>},
 {<<"crc32cer">>, <<"147307889AAE52490D7674A639CA59818A02C692E217763CA330F451DF8CA9DE">>},
 {<<"cth_readable">>, <<"C01F81F6C569E536EC15E02E9A6A80CF3568FBE64F450827C49566DF6DEB8E6C">>},
 {<<"erlware_commons">>, <<"77D445BA251A3DC8E180E6228E0547E7413A75924DD3BBB237B1D07C2C2C5024">>},
 {<<"eunit_formatters">>, <<"28425F5708FED6FA0BBC1B2B114DF097B4450A69CEDC396CB25CC4D8706622F8">>},
 {<<"getopt">>, <<"A0029AEA4322FB82A61F6876A6D9C66DC9878B6CB61FAA13DF3187384FD4EA26">>},
 {<<"kafka_protocol">>, <<"8004E8918F6ABFE75F6A2E98B607B7AE88620BA6C3FCE3515BD36CA99150770D">>},
 {<<"merlin">>, <<"682D0B4FD5E393AB88A1342B2B6910088C97179E1FAD9E7ACDF4DBCE9F94EF4B">>},
 {<<"providers">>, <<"D287E874406A1505608642B0A3DB5B68D6ADA3F2AB001AEC87E7F4D7C79FC017">>},
 {<<"relx">>, <<"2E570F7131F30D4C9D6E327543DE9E3E6AE25E2714DE4D3656907FD912FB7499">>},
 {<<"ssl_verify_fun">>, <<"BDB0D2471F453C88FF3908E7686F86F9BE327D065CC1EC16FA4540197EA04680">>}]}
].
