{"1.2.0",
[{<<"certifi">>,{pkg,<<"certifi">>,<<"2.16.0">>},0},
 {<<"getopt">>,{pkg,<<"getopt">>,<<"1.0.2">>},0},
 {<<"purl">>,
  {git,"git@github.com:erlef/purl.git",
       {ref,"d64773d59dfd1d6b8920209f219e3c796c974a3a"}},
  0}]}.
[
{pkg_hash,[
 {<<"certifi">>, <<"A4EDFC1D2DA3424D478A3271133BF28E0EC5E6FD8C009AAB5A4AE980CB165CE9">>},
 {<<"getopt">>, <<"33D9B44289FE7AD08627DDFE1D798E30B2DA0033B51DA1B3A2D64E72CD581D02">>}]},
{pkg_hash_ext,[
 {<<"certifi">>, <<"8A64F6669D85E9CC0E5086FCF29A5B13DE57A13EFA23D3582874B9A19303F184">>},
 {<<"getopt">>, <<"A0029AEA4322FB82A61F6876A6D9C66DC9878B6CB61FAA13DF3187384FD4EA26">>}]}
].
